
Microsoft Visual Studio Solution File, Format Version 12.00
# Visual Studio Version 16
VisualStudioVersion = 16.0.32901.82
MinimumVisualStudioVersion = 10.0.40219.1
Project("{FAE04EC0-301F-11D3-BF4B-00C04F79EFBC}") = "DemoDB2", "DemoDB2.csproj", "{4D2435FD-B8F8-4CBB-B820-B47CCDEAFDE8}"
EndProject
Global
	GlobalSection(SolutionConfigurationPlatforms) = preSolution
		Debug|Any CPU = Debug|Any CPU
		Release|Any CPU = Release|Any CPU
	EndGlobalSection
	GlobalSection(ProjectConfigurationPlatforms) = postSolution
		{4D2435FD-B8F8-4CBB-B820-B47CCDEAFDE8}.Debug|Any CPU.ActiveCfg = Debug|Any CPU
		{4D2435FD-B8F8-4CBB-B820-B47CCDEAFDE8}.Debug|Any CPU.Build.0 = Debug|Any CPU
		{4D2435FD-B8F8-4CBB-B820-B47CCDEAFDE8}.Release|Any CPU.ActiveCfg = Release|Any CPU
		{4D2435FD-B8F8-4CBB-B820-B47CCDEAFDE8}.Release|Any CPU.Build.0 = Release|Any CPU
	EndGlobalSection
	GlobalSection(SolutionProperties) = preSolution
		HideSolutionNode = FALSE
	EndGlobalSection
	GlobalSection(ExtensibilityGlobals) = postSolution
		SolutionGuid = {8756E38E-435A-4659-97ED-E99395209114}
	EndGlobalSection
EndGlobal
